<?xml version="1.0" encoding="UTF-8" standalone="yes" ?>
<CodeBlocks_project_file>
	<FileVersion major="1" minor="6" />
	<Project>
		<Option title="editor" />
		<Option pch_mode="2" />
		<Option compiler="gcc" />
		<Build>
			<Target title="Debug">
				<Option output="bin/Debug/421" prefix_auto="1" extension_auto="1" />
				<Option object_output="obj/Debug/" />
				<Option type="1" />
				<Option compiler="gcc" />
				<Compiler>
					<Add option="-g" />
				</Compiler>
			</Target>
			<Target title="Release">
				<Option output="bin/Release/421" prefix_auto="1" extension_auto="1" />
				<Option object_output="obj/Release/" />
				<Option type="1" />
				<Option compiler="gcc" />
				<Compiler>
					<Add option="-O2" />
				</Compiler>
				<Linker>
					<Add option="-s" />
				</Linker>
			</Target>
		</Build>
		<Compiler>
			<Add option="-Wall" />
			<Add option="-fexceptions" />
		</Compiler>
		<Unit filename="ConDisplay.cpp" />
		<Unit filename="ConDisplay.h" />
		<Unit filename="Editdata.cpp" />
		<Unit filename="Editdata.h" />
		<Unit filename="EmsgPack.cpp" />
		<Unit filename="EmsgPack.h" />
		<Unit filename="FileOper.cpp" />
		<Unit filename="FileOper.h" />
		<Unit filename="MSG.h" />
		<Unit filename="O_name.h" />
		<Unit filename="RepealStack.cpp" />
		<Unit filename="RepealStack.h" />
		<Unit filename="TextEdit.cpp" />
		<Unit filename="TextEdit.h" />
		<Unit filename="config.h" />
		<Unit filename="main.cpp" />
		<Unit filename="queue.cpp" />
		<Unit filename="queue.h" />
		<Extensions>
			<code_completion />
			<envvars />
			<debugger />
			<lib_finder disable_auto="1" />
		</Extensions>
	</Project>
</CodeBlocks_project_file>
